dependencies:
  espressif/led_strip:
    component_hash: 28621486f77229aaf81c71f5e15d6fbf36c2949cf11094e07090593e659e7639
    dependencies:
    - name: idf
      require: private
      version: '>=5.0'
    source:
      registry_url: https://components.espressif.com/
      type: service
    version: 3.0.3
  idf:
    source:
      type: idf
    version: 5.5.2
direct_dependencies:
- espressif/led_strip
manifest_hash: aa7b902f2afedc6a8554a05d7394d39713a1847b4a3478e506038d7a1129957a
target: esp32c6
version: 2.0.0
